<?xml version="1.0" encoding="utf-8"?>
<Project ToolsVersion="4.0" xmlns="http://schemas.microsoft.com/developer/msbuild/2003">
  <ItemGroup>
    <Filter Include="Source Files">
      <UniqueIdentifier>{4FC737F1-C7A5-4376-A066-2A32D752A2FF}</UniqueIdentifier>
      <Extensions>cpp;c;cc;cxx;def;odl;idl;hpj;bat;asm;asmx</Extensions>
    </Filter>
    <Filter Include="Header Files">
      <UniqueIdentifier>{93995380-89BD-4b04-88EB-625FBE52EBFB}</UniqueIdentifier>
      <Extensions>h;hpp;hxx;hm;inl;inc;xsd</Extensions>
    </Filter>
    <Filter Include="Resource Files">
      <UniqueIdentifier>{67DA6AB6-F800-4c08-8B7A-83BB121AAD01}</UniqueIdentifier>
      <Extensions>rc;ico;cur;bmp;dlg;rc2;rct;bin;rgs;gif;jpg;jpeg;jpe;resx;tiff;tif;png;wav;mfcribbon-ms</Extensions>
    </Filter>
    <Filter Include="DLLs">
      <UniqueIdentifier>{ca21e17a-59be-4e33-b7a9-e36074281365}</UniqueIdentifier>
    </Filter>
    <Filter Include="Shaders">
      <UniqueIdentifier>{d26803fb-d41c-4003-bf8f-009618d1e300}</UniqueIdentifier>
    </Filter>
    <Filter Include="Source Files\Graphics">
      <UniqueIdentifier>{b5f97a50-8f91-4d04-af53-5ddccf3b163c}</UniqueIdentifier>
    </Filter>
    <Filter Include="Header Files\Graphics">
      <UniqueIdentifier>{011ea9f6-a07a-42dd-999d-999e466a920b}</UniqueIdentifier>
    </Filter>
    <Filter Include="Source Files\Utilities">
      <UniqueIdentifier>{f034daeb-aaa6-493c-a572-dfbd7a53f1fd}</UniqueIdentifier>
    </Filter>
    <Filter Include="Header Files\Utilities">
      <UniqueIdentifier>{71772512-5bca-49ee-a3e9-4e09ef2357a6}</UniqueIdentifier>
    </Filter>
    <Filter Include="Header Files\Framework">
      <UniqueIdentifier>{0f04c94d-dbaa-4fac-863e-bef38db01d19}</UniqueIdentifier>
    </Filter>
    <Filter Include="Header Files\Interfaces">
      <UniqueIdentifier>{8227008c-6236-4804-ba11-e4ca48b0587b}</UniqueIdentifier>
    </Filter>
    <Filter Include="Header Files\Audio">
      <UniqueIdentifier>{faaee51b-aaf6-4744-88ca-f1321c0b03db}</UniqueIdentifier>
    </Filter>
    <Filter Include="Source Files\Audio">
      <UniqueIdentifier>{a0706169-c5dc-4c34-9677-94f33a84cd72}</UniqueIdentifier>
    </Filter>
    <Filter Include="Header Files\System">
      <UniqueIdentifier>{af0dffc0-8280-442d-9908-0a98648dbb14}</UniqueIdentifier>
    </Filter>
    <Filter Include="Source Files\System">
      <UniqueIdentifier>{e77b98f9-6af7-4ee8-9925-d3930c7d1288}</UniqueIdentifier>
    </Filter>
  </ItemGroup>
  <ItemGroup>
    <ClCompile Include="main.cpp">
      <Filter>Source Files</Filter>
    </ClCompile>
    <ClCompile Include="GraphicsCtrlr.cpp">
      <Filter>Source Files\Graphics</Filter>
    </ClCompile>
    <ClCompile Include="Transform.cpp">
      <Filter>Source Files\Utilities</Filter>
    </ClCompile>
    <ClCompile Include="Shader.cpp">
      <Filter>Source Files\Graphics</Filter>
    </ClCompile>
    <ClCompile Include="Mesh.cpp">
      <Filter>Source Files\Graphics</Filter>
    </ClCompile>
    <ClCompile Include="Camera.cpp">
      <Filter>Source Files\Graphics</Filter>
    </ClCompile>
    <ClCompile Include="Texture.cpp">
      <Filter>Source Files\Graphics</Filter>
    </ClCompile>
    <ClCompile Include="AudioSource.cpp">
      <Filter>Source Files\Audio</Filter>
    </ClCompile>
    <ClCompile Include="FontRenderer.cpp">
      <Filter>Source Files\Graphics</Filter>
    </ClCompile>
    <ClCompile Include="Application.cpp">
      <Filter>Source Files\System</Filter>
    </ClCompile>
    <ClCompile Include="Random.cpp">
      <Filter>Source Files\System</Filter>
    </ClCompile>
    <ClCompile Include="SystemTime.cpp">
      <Filter>Source Files\System</Filter>
    </ClCompile>
    <ClCompile Include="Timer.cpp">
      <Filter>Source Files\Utilities</Filter>
    </ClCompile>
  </ItemGroup>
  <ItemGroup>
    <None Include="Shaders\basic.frag">
      <Filter>Shaders</Filter>
    </None>
    <None Include="Shaders\basic.vert">
      <Filter>Shaders</Filter>
    </None>
    <None Include="DLLs\libsndfile-1.dll">
      <Filter>DLLs</Filter>
    </None>
    <None Include="DLLs\msvcp110.dll">
      <Filter>DLLs</Filter>
    </None>
    <None Include="DLLs\msvcr110.dll">
      <Filter>DLLs</Filter>
    </None>
    <None Include="DLLs\openal32.dll">
      <Filter>DLLs</Filter>
    </None>
    <None Include="Audio\rolling_by_madgarden.ogg">
      <Filter>Resource Files</Filter>
    </None>
    <None Include="DLLs\glew32.dll">
      <Filter>DLLs</Filter>
    </None>
  </ItemGroup>
  <ItemGroup>
    <ClInclude Include="GraphicsCtrlr.hpp">
      <Filter>Header Files\Graphics</Filter>
    </ClInclude>
    <ClInclude Include="Transform.hpp">
      <Filter>Header Files\Utilities</Filter>
    </ClInclude>
    <ClInclude Include="LinearAlgebraTypes.hpp">
      <Filter>Header Files\Framework</Filter>
    </ClInclude>
    <ClInclude Include="Shader.hpp">
      <Filter>Header Files\Graphics</Filter>
    </ClInclude>
    <ClInclude Include="INameable.hpp">
      <Filter>Header Files\Interfaces</Filter>
    </ClInclude>
    <ClInclude Include="Mesh.hpp">
      <Filter>Header Files\Graphics</Filter>
    </ClInclude>
    <ClInclude Include="Camera.hpp">
      <Filter>Header Files\Graphics</Filter>
    </ClInclude>
    <ClInclude Include="Texture.hpp">
      <Filter>Header Files\Graphics</Filter>
    </ClInclude>
    <ClInclude Include="AudioSource.hpp">
      <Filter>Header Files\Audio</Filter>
    </ClInclude>
    <ClInclude Include="FontRenderer.hpp">
      <Filter>Header Files\Graphics</Filter>
    </ClInclude>
    <ClInclude Include="Application.hpp">
      <Filter>Header Files\System</Filter>
    </ClInclude>
    <ClInclude Include="ISystemObject.hpp">
      <Filter>Header Files\Interfaces</Filter>
    </ClInclude>
    <ClInclude Include="Random.hpp">
      <Filter>Header Files\System</Filter>
    </ClInclude>
    <ClInclude Include="SystemTime.hpp">
      <Filter>Header Files\System</Filter>
    </ClInclude>
    <ClInclude Include="Timer.hpp">
      <Filter>Header Files\Utilities</Filter>
    </ClInclude>
  </ItemGroup>
  <ItemGroup>
    <Image Include="Textures\texGameOver.png">
      <Filter>Resource Files</Filter>
    </Image>
    <Image Include="Textures\texPatches.png">
      <Filter>Resource Files</Filter>
    </Image>
  </ItemGroup>
  <ItemGroup>
    <Media Include="Audio\sndItemGet.wav">
      <Filter>Resource Files</Filter>
    </Media>
    <Media Include="Audio\sndPlayerLaser.wav">
      <Filter>Resource Files</Filter>
    </Media>
  </ItemGroup>
  <ItemGroup>
    <Font Include="Fonts\Mars_1_0_0_6.otf">
      <Filter>Resource Files</Filter>
    </Font>
  </ItemGroup>
</Project>