<?xml version="1.0" encoding="utf-8"?>
<Project ToolsVersion="4.0" xmlns="http://schemas.microsoft.com/developer/msbuild/2003">
  <ItemGroup>
    <Filter Include="Source Files">
      <UniqueIdentifier>{4FC737F1-C7A5-4376-A066-2A32D752A2FF}</UniqueIdentifier>
      <Extensions>cpp;c;cc;cxx;def;odl;idl;hpj;bat;asm;asmx</Extensions>
    </Filter>
    <Filter Include="Header Files">
      <UniqueIdentifier>{93995380-89BD-4b04-88EB-625FBE52EBFB}</UniqueIdentifier>
      <Extensions>h;hpp;hxx;hm;inl;inc;xsd</Extensions>
    </Filter>
    <Filter Include="Resource Files">
      <UniqueIdentifier>{67DA6AB6-F800-4c08-8B7A-83BB121AAD01}</UniqueIdentifier>
      <Extensions>rc;ico;cur;bmp;dlg;rc2;rct;bin;rgs;gif;jpg;jpeg;jpe;resx;tiff;tif;png;wav;mfcribbon-ms</Extensions>
    </Filter>
    <Filter Include="DLLs">
      <UniqueIdentifier>{ca21e17a-59be-4e33-b7a9-e36074281365}</UniqueIdentifier>
    </Filter>
    <Filter Include="Shaders">
      <UniqueIdentifier>{d26803fb-d41c-4003-bf8f-009618d1e300}</UniqueIdentifier>
    </Filter>
    <Filter Include="Source Files\Graphics">
      <UniqueIdentifier>{b5f97a50-8f91-4d04-af53-5ddccf3b163c}</UniqueIdentifier>
    </Filter>
    <Filter Include="Header Files\Graphics">
      <UniqueIdentifier>{011ea9f6-a07a-42dd-999d-999e466a920b}</UniqueIdentifier>
    </Filter>
    <Filter Include="Source Files\Utilities">
      <UniqueIdentifier>{f034daeb-aaa6-493c-a572-dfbd7a53f1fd}</UniqueIdentifier>
    </Filter>
    <Filter Include="Header Files\Utilities">
      <UniqueIdentifier>{71772512-5bca-49ee-a3e9-4e09ef2357a6}</UniqueIdentifier>
    </Filter>
    <Filter Include="Header Files\Framework">
      <UniqueIdentifier>{0f04c94d-dbaa-4fac-863e-bef38db01d19}</UniqueIdentifier>
    </Filter>
    <Filter Include="Header Files\Interfaces">
      <UniqueIdentifier>{8227008c-6236-4804-ba11-e4ca48b0587b}</UniqueIdentifier>
    </Filter>
    <Filter Include="Header Files\Audio">
      <UniqueIdentifier>{faaee51b-aaf6-4744-88ca-f1321c0b03db}</UniqueIdentifier>
    </Filter>
    <Filter Include="Source Files\Audio">
      <UniqueIdentifier>{a0706169-c5dc-4c34-9677-94f33a84cd72}</UniqueIdentifier>
    </Filter>
    <Filter Include="Header Files\System">
      <UniqueIdentifier>{af0dffc0-8280-442d-9908-0a98648dbb14}</UniqueIdentifier>
    </Filter>
    <Filter Include="Source Files\System">
      <UniqueIdentifier>{e77b98f9-6af7-4ee8-9925-d3930c7d1288}</UniqueIdentifier>
    </Filter>
    <Filter Include="Header Files\GameObject">
      <UniqueIdentifier>{10462604-18e4-4256-b9fb-d7214088b3a9}</UniqueIdentifier>
    </Filter>
    <Filter Include="Source Files\GameObject">
      <UniqueIdentifier>{cfcfa300-41aa-46d0-9d59-7e5ce4a4d7db}</UniqueIdentifier>
    </Filter>
    <Filter Include="Header Files\Registries">
      <UniqueIdentifier>{03ab2a3c-a220-42eb-8a14-2762f1a832b6}</UniqueIdentifier>
    </Filter>
    <Filter Include="Source Files\Registries">
      <UniqueIdentifier>{399d7849-413a-474a-9e34-80e5e64039d1}</UniqueIdentifier>
    </Filter>
    <Filter Include="Header Files\Components">
      <UniqueIdentifier>{4d0bbcb0-a075-4f3d-8b0b-52db7d79565d}</UniqueIdentifier>
    </Filter>
    <Filter Include="Source Files\Components">
      <UniqueIdentifier>{b986b95c-41c8-49bf-bf1c-7f254afa89d5}</UniqueIdentifier>
    </Filter>
    <Filter Include="Header Files\CustomComponents">
      <UniqueIdentifier>{d91f316e-6312-4189-957a-2e9b9b8b919a}</UniqueIdentifier>
    </Filter>
    <Filter Include="Source Files\Containers">
      <UniqueIdentifier>{0d4bcbc9-141f-4d01-8093-223991b9acaa}</UniqueIdentifier>
    </Filter>
    <Filter Include="Header Files\Containers">
      <UniqueIdentifier>{d7265114-7bbd-46e0-8b4a-dd064379345a}</UniqueIdentifier>
    </Filter>
    <Filter Include="Source Files\Custom Components">
      <UniqueIdentifier>{8ce85566-c26d-4679-a18e-9af4efaae346}</UniqueIdentifier>
    </Filter>
    <Filter Include="Header Files\Prefabrications">
      <UniqueIdentifier>{26f54a0c-030c-498d-8d43-58af9df3f6b9}</UniqueIdentifier>
    </Filter>
    <Filter Include="Source Files\Prefabrications">
      <UniqueIdentifier>{5d3d2529-eabf-49f8-ae66-a4c3cefacd6e}</UniqueIdentifier>
    </Filter>
    <Filter Include="Header Files\Scenes">
      <UniqueIdentifier>{8fb8a8fb-552e-4e0f-8386-2e543c281411}</UniqueIdentifier>
    </Filter>
    <Filter Include="Source Files\Scenes">
      <UniqueIdentifier>{9b7a8559-c308-44e3-ab5e-d690cb72bd44}</UniqueIdentifier>
    </Filter>
  </ItemGroup>
  <ItemGroup>
    <ClCompile Include="main.cpp">
      <Filter>Source Files</Filter>
    </ClCompile>
    <ClCompile Include="Transform.cpp">
      <Filter>Source Files\Utilities</Filter>
    </ClCompile>
    <ClCompile Include="Shader.cpp">
      <Filter>Source Files\Graphics</Filter>
    </ClCompile>
    <ClCompile Include="Mesh.cpp">
      <Filter>Source Files\Graphics</Filter>
    </ClCompile>
    <ClCompile Include="Camera.cpp">
      <Filter>Source Files\Graphics</Filter>
    </ClCompile>
    <ClCompile Include="Texture.cpp">
      <Filter>Source Files\Graphics</Filter>
    </ClCompile>
    <ClCompile Include="AudioSource.cpp">
      <Filter>Source Files\Audio</Filter>
    </ClCompile>
    <ClCompile Include="FontRenderer.cpp">
      <Filter>Source Files\Graphics</Filter>
    </ClCompile>
    <ClCompile Include="Application.cpp">
      <Filter>Source Files\System</Filter>
    </ClCompile>
    <ClCompile Include="Random.cpp">
      <Filter>Source Files\System</Filter>
    </ClCompile>
    <ClCompile Include="SystemTime.cpp">
      <Filter>Source Files\System</Filter>
    </ClCompile>
    <ClCompile Include="Timer.cpp">
      <Filter>Source Files\Utilities</Filter>
    </ClCompile>
    <ClCompile Include="Material.cpp">
      <Filter>Source Files\Graphics</Filter>
    </ClCompile>
    <ClCompile Include="ObjectRenderer.cpp">
      <Filter>Source Files\Graphics</Filter>
    </ClCompile>
    <ClCompile Include="GameObject.cpp">
      <Filter>Source Files\GameObject</Filter>
    </ClCompile>
    <ClCompile Include="Component.cpp">
      <Filter>Source Files\GameObject</Filter>
    </ClCompile>
    <ClCompile Include="MeshRegistry.cpp">
      <Filter>Source Files\Registries</Filter>
    </ClCompile>
    <ClCompile Include="Registry.cpp">
      <Filter>Source Files\Registries</Filter>
    </ClCompile>
    <ClCompile Include="ShaderRegistry.cpp">
      <Filter>Source Files\Registries</Filter>
    </ClCompile>
    <ClCompile Include="FontRegistry.cpp">
      <Filter>Source Files\Registries</Filter>
    </ClCompile>
    <ClCompile Include="TextureRegistry.cpp">
      <Filter>Source Files\Registries</Filter>
    </ClCompile>
    <ClCompile Include="MaterialRegistry.cpp">
      <Filter>Source Files\Registries</Filter>
    </ClCompile>
    <ClCompile Include="AudioRegistry.cpp">
      <Filter>Source Files\Registries</Filter>
    </ClCompile>
    <ClCompile Include="PrefabricationRegistry.cpp">
      <Filter>Source Files\Registries</Filter>
    </ClCompile>
    <ClCompile Include="SceneRegistry.cpp">
      <Filter>Source Files\Registries</Filter>
    </ClCompile>
    <ClCompile Include="Font.cpp">
      <Filter>Source Files\Graphics</Filter>
    </ClCompile>
    <ClCompile Include="Prefabrication.cpp">
      <Filter>Source Files\GameObject</Filter>
    </ClCompile>
    <ClCompile Include="Scene.cpp">
      <Filter>Source Files\GameObject</Filter>
    </ClCompile>
    <ClCompile Include="CustomComponent.cpp">
      <Filter>Source Files\GameObject</Filter>
    </ClCompile>
    <ClCompile Include="AudioComponent.cpp">
      <Filter>Source Files\Components</Filter>
    </ClCompile>
    <ClCompile Include="ObjectRendererComponent.cpp">
      <Filter>Source Files\Components</Filter>
    </ClCompile>
    <ClCompile Include="FontRendererComponent.cpp">
      <Filter>Source Files\Components</Filter>
    </ClCompile>
    <ClCompile Include="PhysicsComponent.cpp">
      <Filter>Source Files\Components</Filter>
    </ClCompile>
    <ClCompile Include="Container.cpp">
      <Filter>Source Files\Containers</Filter>
    </ClCompile>
    <ClCompile Include="RendererContainer.cpp">
      <Filter>Source Files\Containers</Filter>
    </ClCompile>
    <ClCompile Include="GameObjectContainer.cpp">
      <Filter>Source Files\Containers</Filter>
    </ClCompile>
    <ClCompile Include="PhysicsEntityContainer.cpp">
      <Filter>Source Files\Containers</Filter>
    </ClCompile>
    <ClCompile Include="TimerContainer.cpp">
      <Filter>Source Files\Containers</Filter>
    </ClCompile>
    <ClCompile Include="PhysicsEntity.cpp">
      <Filter>Source Files\Utilities</Filter>
    </ClCompile>
    <ClCompile Include="FPSUpdaterComponent.cpp">
      <Filter>Source Files\Custom Components</Filter>
    </ClCompile>
    <ClCompile Include="ExampleComponent.cpp">
      <Filter>Source Files\Custom Components</Filter>
    </ClCompile>
    <ClCompile Include="ExamplePrefab.cpp">
      <Filter>Source Files\Prefabrications</Filter>
    </ClCompile>
    <ClCompile Include="CubePrefab.cpp">
      <Filter>Source Files\Prefabrications</Filter>
    </ClCompile>
    <ClCompile Include="OctoPrefab.cpp">
      <Filter>Source Files\Prefabrications</Filter>
    </ClCompile>
    <ClCompile Include="FpsPrefab.cpp">
      <Filter>Source Files\Prefabrications</Filter>
    </ClCompile>
    <ClCompile Include="ExampleScene.cpp">
      <Filter>Source Files\Scenes</Filter>
    </ClCompile>
    <ClCompile Include="DemoScene.cpp">
      <Filter>Source Files\Scenes</Filter>
    </ClCompile>
  </ItemGroup>
  <ItemGroup>
    <None Include="Shaders\basic.frag">
      <Filter>Shaders</Filter>
    </None>
    <None Include="Shaders\basic.vert">
      <Filter>Shaders</Filter>
    </None>
    <None Include="DLLs\libsndfile-1.dll">
      <Filter>DLLs</Filter>
    </None>
    <None Include="DLLs\msvcp110.dll">
      <Filter>DLLs</Filter>
    </None>
    <None Include="DLLs\msvcr110.dll">
      <Filter>DLLs</Filter>
    </None>
    <None Include="DLLs\openal32.dll">
      <Filter>DLLs</Filter>
    </None>
    <None Include="Audio\rolling_by_madgarden.ogg">
      <Filter>Resource Files</Filter>
    </None>
    <None Include="DLLs\glew32.dll">
      <Filter>DLLs</Filter>
    </None>
    <None Include="Shaders\brightness.vert">
      <Filter>Shaders</Filter>
    </None>
    <None Include="Shaders\brightness.frag">
      <Filter>Shaders</Filter>
    </None>
  </ItemGroup>
  <ItemGroup>
    <ClInclude Include="Transform.hpp">
      <Filter>Header Files\Utilities</Filter>
    </ClInclude>
    <ClInclude Include="LinearAlgebraTypes.hpp">
      <Filter>Header Files\Framework</Filter>
    </ClInclude>
    <ClInclude Include="Shader.hpp">
      <Filter>Header Files\Graphics</Filter>
    </ClInclude>
    <ClInclude Include="INameable.hpp">
      <Filter>Header Files\Interfaces</Filter>
    </ClInclude>
    <ClInclude Include="Mesh.hpp">
      <Filter>Header Files\Graphics</Filter>
    </ClInclude>
    <ClInclude Include="Camera.hpp">
      <Filter>Header Files\Graphics</Filter>
    </ClInclude>
    <ClInclude Include="Texture.hpp">
      <Filter>Header Files\Graphics</Filter>
    </ClInclude>
    <ClInclude Include="AudioSource.hpp">
      <Filter>Header Files\Audio</Filter>
    </ClInclude>
    <ClInclude Include="FontRenderer.hpp">
      <Filter>Header Files\Graphics</Filter>
    </ClInclude>
    <ClInclude Include="Application.hpp">
      <Filter>Header Files\System</Filter>
    </ClInclude>
    <ClInclude Include="ISystemObject.hpp">
      <Filter>Header Files\Interfaces</Filter>
    </ClInclude>
    <ClInclude Include="Random.hpp">
      <Filter>Header Files\System</Filter>
    </ClInclude>
    <ClInclude Include="SystemTime.hpp">
      <Filter>Header Files\System</Filter>
    </ClInclude>
    <ClInclude Include="Timer.hpp">
      <Filter>Header Files\Utilities</Filter>
    </ClInclude>
    <ClInclude Include="Material.hpp">
      <Filter>Header Files\Graphics</Filter>
    </ClInclude>
    <ClInclude Include="ObjectRenderer.hpp">
      <Filter>Header Files\Graphics</Filter>
    </ClInclude>
    <ClInclude Include="Callback.hpp">
      <Filter>Header Files\Framework</Filter>
    </ClInclude>
    <ClInclude Include="GameObject.hpp">
      <Filter>Header Files\GameObject</Filter>
    </ClInclude>
    <ClInclude Include="Component.hpp">
      <Filter>Header Files\GameObject</Filter>
    </ClInclude>
    <ClInclude Include="MeshRegistry.hpp">
      <Filter>Header Files\Registries</Filter>
    </ClInclude>
    <ClInclude Include="Registry.hpp">
      <Filter>Header Files\Registries</Filter>
    </ClInclude>
    <ClInclude Include="ShaderRegistry.hpp">
      <Filter>Header Files\Registries</Filter>
    </ClInclude>
    <ClInclude Include="FontRegistry.hpp">
      <Filter>Header Files\Registries</Filter>
    </ClInclude>
    <ClInclude Include="TextureRegistry.hpp">
      <Filter>Header Files\Registries</Filter>
    </ClInclude>
    <ClInclude Include="MaterialRegistry.hpp">
      <Filter>Header Files\Registries</Filter>
    </ClInclude>
    <ClInclude Include="AudioRegistry.hpp">
      <Filter>Header Files\Registries</Filter>
    </ClInclude>
    <ClInclude Include="PrefabricationRegistry.hpp">
      <Filter>Header Files\Registries</Filter>
    </ClInclude>
    <ClInclude Include="SceneRegistry.hpp">
      <Filter>Header Files\Registries</Filter>
    </ClInclude>
    <ClInclude Include="Font.hpp">
      <Filter>Header Files\Graphics</Filter>
    </ClInclude>
    <ClInclude Include="Prefabrication.hpp">
      <Filter>Header Files\GameObject</Filter>
    </ClInclude>
    <ClInclude Include="Scene.hpp">
      <Filter>Header Files\GameObject</Filter>
    </ClInclude>
    <ClInclude Include="CustomComponent.hpp">
      <Filter>Header Files\GameObject</Filter>
    </ClInclude>
    <ClInclude Include="AudioComponent.hpp">
      <Filter>Header Files\Components</Filter>
    </ClInclude>
    <ClInclude Include="ObjectRendererComponent.hpp">
      <Filter>Header Files\Components</Filter>
    </ClInclude>
    <ClInclude Include="FontRendererComponent.hpp">
      <Filter>Header Files\Components</Filter>
    </ClInclude>
    <ClInclude Include="PhysicsComponent.hpp">
      <Filter>Header Files\Components</Filter>
    </ClInclude>
    <ClInclude Include="AllCustomComponentHeaders.hpp">
      <Filter>Header Files\CustomComponents</Filter>
    </ClInclude>
    <ClInclude Include="Container.hpp">
      <Filter>Header Files\Containers</Filter>
    </ClInclude>
    <ClInclude Include="RendererContainer.hpp">
      <Filter>Header Files\Containers</Filter>
    </ClInclude>
    <ClInclude Include="GameObjectContainer.hpp">
      <Filter>Header Files\Containers</Filter>
    </ClInclude>
    <ClInclude Include="PhysicsEntityContainer.hpp">
      <Filter>Header Files\Containers</Filter>
    </ClInclude>
    <ClInclude Include="TimerContainer.hpp">
      <Filter>Header Files\Containers</Filter>
    </ClInclude>
    <ClInclude Include="PhysicsEntity.hpp">
      <Filter>Header Files\Utilities</Filter>
    </ClInclude>
    <ClInclude Include="FPSUpdaterComponent.hpp">
      <Filter>Header Files\CustomComponents</Filter>
    </ClInclude>
    <ClInclude Include="ExampleComponent.hpp">
      <Filter>Header Files\CustomComponents</Filter>
    </ClInclude>
    <ClInclude Include="ExamplePrefab.hpp">
      <Filter>Header Files\Prefabrications</Filter>
    </ClInclude>
    <ClInclude Include="AllPrefabrications.hpp">
      <Filter>Header Files\Prefabrications</Filter>
    </ClInclude>
    <ClInclude Include="CubePrefab.hpp">
      <Filter>Header Files\Prefabrications</Filter>
    </ClInclude>
    <ClInclude Include="OctoPrefab.hpp">
      <Filter>Header Files\Prefabrications</Filter>
    </ClInclude>
    <ClInclude Include="FpsPrefab.hpp">
      <Filter>Header Files\Prefabrications</Filter>
    </ClInclude>
    <ClInclude Include="AllScenes.hpp">
      <Filter>Header Files\Scenes</Filter>
    </ClInclude>
    <ClInclude Include="ExampleScene.hpp">
      <Filter>Header Files\Scenes</Filter>
    </ClInclude>
    <ClInclude Include="DemoScene.hpp">
      <Filter>Header Files\Scenes</Filter>
    </ClInclude>
  </ItemGroup>
  <ItemGroup>
    <Image Include="Textures\texGameOver.png">
      <Filter>Resource Files</Filter>
    </Image>
    <Image Include="Textures\texPatches.png">
      <Filter>Resource Files</Filter>
    </Image>
  </ItemGroup>
  <ItemGroup>
    <Media Include="Audio\sndItemGet.wav">
      <Filter>Resource Files</Filter>
    </Media>
    <Media Include="Audio\sndPlayerLaser.wav">
      <Filter>Resource Files</Filter>
    </Media>
  </ItemGroup>
  <ItemGroup>
    <Font Include="Fonts\Mars_1_0_0_6.otf">
      <Filter>Resource Files</Filter>
    </Font>
  </ItemGroup>
  <ItemGroup>
    <ResourceCompile Include="app.rc">
      <Filter>Resource Files</Filter>
    </ResourceCompile>
  </ItemGroup>
</Project>